
Microsoft Visual Studio Solution File, Format Version 12.00
# Visual Studio Version 16
VisualStudioVersion = 16.0.31624.102
MinimumVisualStudioVersion = 10.0.40219.1
Project("{FAE04EC0-301F-11D3-BF4B-00C04F79EFBC}") = "Server", "Server.csproj", "{D5CA609C-6353-4F22-9C8C-2DD3C16BE923}"
EndProject
Global
	GlobalSection(SolutionConfigurationPlatforms) = preSolution
		Debug|Any CPU = Debug|Any CPU
		Release|Any CPU = Release|Any CPU
	EndGlobalSection
	GlobalSection(ProjectConfigurationPlatforms) = postSolution
		{D5CA609C-6353-4F22-9C8C-2DD3C16BE923}.Debug|Any CPU.ActiveCfg = Debug|Any CPU
		{D5CA609C-6353-4F22-9C8C-2DD3C16BE923}.Debug|Any CPU.Build.0 = Debug|Any CPU
		{D5CA609C-6353-4F22-9C8C-2DD3C16BE923}.Release|Any CPU.ActiveCfg = Release|Any CPU
		{D5CA609C-6353-4F22-9C8C-2DD3C16BE923}.Release|Any CPU.Build.0 = Release|Any CPU
	EndGlobalSection
	GlobalSection(SolutionProperties) = preSolution
		HideSolutionNode = FALSE
	EndGlobalSection
	GlobalSection(ExtensibilityGlobals) = postSolution
		SolutionGuid = {E99C17D5-37DB-49C8-ADBD-CAF16EFFD7E5}
	EndGlobalSection
EndGlobal
